
Microsoft Visual Studio Solution File, Format Version 12.00
# Visual Studio Version 17
VisualStudioVersion = 17.3.32901.215
MinimumVisualStudioVersion = 10.0.40219.1
Project("{FAE04EC0-301F-11D3-BF4B-00C04F79EFBC}") = "OnlineClassManagementSystemApp", "OnlineClassManagementSystemApp\OnlineClassManagementSystemApp.csproj", "{D2AABF2B-FC14-4DD3-9830-81558ED49320}"
EndProject
Global
	GlobalSection(SolutionConfigurationPlatforms) = preSolution
		Debug|Any CPU = Debug|Any CPU
		Release|Any CPU = Release|Any CPU
	EndGlobalSection
	GlobalSection(ProjectConfigurationPlatforms) = postSolution
		{D2AABF2B-FC14-4DD3-9830-81558ED49320}.Debug|Any CPU.ActiveCfg = Debug|Any CPU
		{D2AABF2B-FC14-4DD3-9830-81558ED49320}.Debug|Any CPU.Build.0 = Debug|Any CPU
		{D2AABF2B-FC14-4DD3-9830-81558ED49320}.Release|Any CPU.ActiveCfg = Release|Any CPU
		{D2AABF2B-FC14-4DD3-9830-81558ED49320}.Release|Any CPU.Build.0 = Release|Any CPU
	EndGlobalSection
	GlobalSection(SolutionProperties) = preSolution
		HideSolutionNode = FALSE
	EndGlobalSection
	GlobalSection(ExtensibilityGlobals) = postSolution
		SolutionGuid = {9174EAC6-45B8-4F72-9ACC-0E771D6AF7A2}
	EndGlobalSection
EndGlobal
